k8s.io/api v0.33.3 h1:SRd5t//hhkI1buzxb288fy2xvjubstenEKL9K51KBI8=
k8s.io/api v0.33.3/go.mod h1:01Y/iLUjNBM3TAvypct7DIj0M0NIZc+PzAHCIo0CYGE=
k8s.io/apimachinery v0.33.3 h1:4ZSrmNa0c/ZpZJhAgRdcsFcZOw1PQU1bALVQ0B3I5LA=
k8s.io/apimachinery v0.33.3/go.mod h1:BHW0YOu7n22fFv/JkYOEfkUYNRN0fj0BlvMFWA7b+SM=
k8s.io/client-go v0.33.3 h1:M5AfDnKfYmVJif92ngN532gFqakcGi6RvaOF16efrpA=
k8s.io/client-go v0.33.3/go.mod h1:luqKBQggEf3shbxHY4uVENAxrDISLOarxpTKMiUuujg=
